// !$*UTF8*$!
{
	archiveVersion = 1;
	classes = {
	};
	objectVersion = 46;
	objects = {

/* Begin PBXBuildFile section */
		C9526B5117CAAE8D00C854F3 /* MASPreferencesWindow.xib in Resources */ = {isa = PBXBuildFile; fileRef = C9526B4C17CAAE8D00C854F3 /* MASPreferencesWindow.xib */; };
		C9526B5217CAAE8D00C854F3 /* MASPreferencesWindowController.m in Sources */ = {isa = PBXBuildFile; fileRef = C9526B4E17CAAE8D00C854F3 /* MASPreferencesWindowController.m */; };
		C9526B5617CB005600C854F3 /* Constants.m in Sources */ = {isa = PBXBuildFile; fileRef = C9526B5517CB005600C854F3 /* Constants.m */; };
		C9526B5D17CB3CCF00C854F3 /* OCProcessController.m in Sources */ = {isa = PBXBuildFile; fileRef = C9526B5C17CB3CCF00C854F3 /* OCProcessController.m */; };
		C95919F417CC5CE00004A01A /* 1fabece1-7a57-96ab-3de9-71da8446c52c in Resources */ = {isa = PBXBuildFile; fileRef = C9526B5717CB3B1500C854F3 /* 1fabece1-7a57-96ab-3de9-71da8446c52c */; };
		C95919F517CC5CE00004A01A /* 6cdc3b4a-2de7-04e0-7211-c6ae23117f1e in Resources */ = {isa = PBXBuildFile; fileRef = C9526B5817CB3B1500C854F3 /* 6cdc3b4a-2de7-04e0-7211-c6ae23117f1e */; };
		C9651CB517CD9C110064F1AC /* icon_big.png in Resources */ = {isa = PBXBuildFile; fileRef = C9651CB417CD9C110064F1AC /* icon_big.png */; };
		C9651CBA17CDA4D70064F1AC /* Sparkle.framework in Frameworks */ = {isa = PBXBuildFile; fileRef = C9651CB917CDA4D70064F1AC /* Sparkle.framework */; };
		C9651CBC17CDA52A0064F1AC /* Sparkle.framework in CopyFiles */ = {isa = PBXBuildFile; fileRef = C9651CB917CDA4D70064F1AC /* Sparkle.framework */; };
		C9651CC217CDA7430064F1AC /* OCAboutWindowController.m in Sources */ = {isa = PBXBuildFile; fileRef = C9651CC017CDA7430064F1AC /* OCAboutWindowController.m */; };
		C9651CC317CDA7430064F1AC /* OCAboutWindow.xib in Resources */ = {isa = PBXBuildFile; fileRef = C9651CC117CDA7430064F1AC /* OCAboutWindow.xib */; };
		C9651CD117CF0E4F0064F1AC /* octopus in Resources */ = {isa = PBXBuildFile; fileRef = C9651CD017CF0E4F0064F1AC /* octopus */; };
		C9651CD517CF0F960064F1AC /* alert_5-20110809115913-00019.png in Resources */ = {isa = PBXBuildFile; fileRef = C9651CD417CF0F960064F1AC /* alert_5-20110809115913-00019.png */; };
		C9651CD917CF0FCE0064F1AC /* OCDiagnosticsWindowController.m in Sources */ = {isa = PBXBuildFile; fileRef = C9651CD717CF0FCE0064F1AC /* OCDiagnosticsWindowController.m */; };
		C9651CDA17CF0FCE0064F1AC /* OCDiagnosticsWindow.xib in Resources */ = {isa = PBXBuildFile; fileRef = C9651CD817CF0FCE0064F1AC /* OCDiagnosticsWindow.xib */; };
		C9651CE617D055C10064F1AC /* dsa_pub.pem in Resources */ = {isa = PBXBuildFile; fileRef = C9651CE517D055C10064F1AC /* dsa_pub.pem */; };
		C96CDA9817CC4CCB00772628 /* OCConsoleWindowController.m in Sources */ = {isa = PBXBuildFile; fileRef = C96CDA9617CC4CCB00772628 /* OCConsoleWindowController.m */; };
		C96CDA9917CC4CCB00772628 /* OCConsoleWindow.xib in Resources */ = {isa = PBXBuildFile; fileRef = C96CDA9717CC4CCB00772628 /* OCConsoleWindow.xib */; };
		C9E772BB17CA909300E94EBC /* Cocoa.framework in Frameworks */ = {isa = PBXBuildFile; fileRef = C9E772BA17CA909300E94EBC /* Cocoa.framework */; };
		C9E772C517CA909300E94EBC /* InfoPlist.strings in Resources */ = {isa = PBXBuildFile; fileRef = C9E772C317CA909300E94EBC /* InfoPlist.strings */; };
		C9E772C717CA909300E94EBC /* main.m in Sources */ = {isa = PBXBuildFile; fileRef = C9E772C617CA909300E94EBC /* main.m */; };
		C9E772CB17CA909300E94EBC /* Credits.rtf in Resources */ = {isa = PBXBuildFile; fileRef = C9E772C917CA909300E94EBC /* Credits.rtf */; };
		C9E772CE17CA909300E94EBC /* OCAppDelegate.m in Sources */ = {isa = PBXBuildFile; fileRef = C9E772CD17CA909300E94EBC /* OCAppDelegate.m */; };
		C9E772D117CA909300E94EBC /* MainMenu.xib in Resources */ = {isa = PBXBuildFile; fileRef = C9E772CF17CA909300E94EBC /* MainMenu.xib */; };
		C9E772F017CA99ED00E94EBC /* OCRepositorySelectionViewController.m in Sources */ = {isa = PBXBuildFile; fileRef = C9E772EE17CA99ED00E94EBC /* OCRepositorySelectionViewController.m */; };
		C9E772F117CA99ED00E94EBC /* OCRepositorySelectionView.xib in Resources */ = {isa = PBXBuildFile; fileRef = C9E772EF17CA99ED00E94EBC /* OCRepositorySelectionView.xib */; };
		C9E772F517CA9D0100E94EBC /* icon_down.png in Resources */ = {isa = PBXBuildFile; fileRef = C9E772F217CA9D0100E94EBC /* icon_down.png */; };
		C9E772F617CA9D0100E94EBC /* icon_up.png in Resources */ = {isa = PBXBuildFile; fileRef = C9E772F317CA9D0100E94EBC /* icon_up.png */; };
		C9E772F717CA9D0100E94EBC /* octopus.icns in Resources */ = {isa = PBXBuildFile; fileRef = C9E772F417CA9D0100E94EBC /* octopus.icns */; };
		C9E772FD17CAA05800E94EBC /* OCDeviceSelectionViewController.m in Sources */ = {isa = PBXBuildFile; fileRef = C9E772FB17CAA05800E94EBC /* OCDeviceSelectionViewController.m */; };
		C9E772FE17CAA05800E94EBC /* OCDeviceSelectionView.xib in Resources */ = {isa = PBXBuildFile; fileRef = C9E772FC17CAA05800E94EBC /* OCDeviceSelectionView.xib */; };
/* End PBXBuildFile section */

/* Begin PBXCopyFilesBuildPhase section */
		C9651CBB17CDA51A0064F1AC /* CopyFiles */ = {
			isa = PBXCopyFilesBuildPhase;
			buildActionMask = 2147483647;
			dstPath = "";
			dstSubfolderSpec = 10;
			files = (
				C9651CBC17CDA52A0064F1AC /* Sparkle.framework in CopyFiles */,
			);
			runOnlyForDeploymentPostprocessing = 0;
		};
/* End PBXCopyFilesBuildPhase section */

/* Begin PBXFileReference section */
		C9526B4B17CAAE8D00C854F3 /* MASPreferencesViewController.h */ = {isa = PBXFileReference; fileEncoding = 4; lastKnownFileType = sourcecode.c.h; name = MASPreferencesViewController.h; path = MASPreferences/MASPreferencesViewController.h; sourceTree = "<group>"; };
		C9526B4C17CAAE8D00C854F3 /* MASPreferencesWindow.xib */ = {isa = PBXFileReference; fileEncoding = 4; lastKnownFileType = file.xib; name = MASPreferencesWindow.xib; path = MASPreferences/MASPreferencesWindow.xib; sourceTree = "<group>"; };
		C9526B4D17CAAE8D00C854F3 /* MASPreferencesWindowController.h */ = {isa = PBXFileReference; fileEncoding = 4; lastKnownFileType = sourcecode.c.h; name = MASPreferencesWindowController.h; path = MASPreferences/MASPreferencesWindowController.h; sourceTree = "<group>"; };
		C9526B4E17CAAE8D00C854F3 /* MASPreferencesWindowController.m */ = {isa = PBXFileReference; fileEncoding = 4; lastKnownFileType = sourcecode.c.objc; name = MASPreferencesWindowController.m; path = MASPreferences/MASPreferencesWindowController.m; sourceTree = "<group>"; };
		C9526B5417CB005600C854F3 /* Constants.h */ = {isa = PBXFileReference; fileEncoding = 4; lastKnownFileType = sourcecode.c.h; path = Constants.h; sourceTree = "<group>"; };
		C9526B5517CB005600C854F3 /* Constants.m */ = {isa = PBXFileReference; fileEncoding = 4; lastKnownFileType = sourcecode.c.objc; path = Constants.m; sourceTree = "<group>"; };
		C9526B5717CB3B1500C854F3 /* 1fabece1-7a57-96ab-3de9-71da8446c52c */ = {isa = PBXFileReference; lastKnownFileType = file; path = "1fabece1-7a57-96ab-3de9-71da8446c52c"; sourceTree = "<group>"; };
		C9526B5817CB3B1500C854F3 /* 6cdc3b4a-2de7-04e0-7211-c6ae23117f1e */ = {isa = PBXFileReference; lastKnownFileType = file; path = "6cdc3b4a-2de7-04e0-7211-c6ae23117f1e"; sourceTree = "<group>"; };
		C9526B5B17CB3CCF00C854F3 /* OCProcessController.h */ = {isa = PBXFileReference; fileEncoding = 4; lastKnownFileType = sourcecode.c.h; path = OCProcessController.h; sourceTree = "<group>"; };
		C9526B5C17CB3CCF00C854F3 /* OCProcessController.m */ = {isa = PBXFileReference; fileEncoding = 4; lastKnownFileType = sourcecode.c.objc; path = OCProcessController.m; sourceTree = "<group>"; };
		C9651CB417CD9C110064F1AC /* icon_big.png */ = {isa = PBXFileReference; lastKnownFileType = image.png; path = icon_big.png; sourceTree = "<group>"; };
		C9651CB917CDA4D70064F1AC /* Sparkle.framework */ = {isa = PBXFileReference; lastKnownFileType = wrapper.framework; path = Sparkle.framework; sourceTree = "<group>"; };
		C9651CBF17CDA7430064F1AC /* OCAboutWindowController.h */ = {isa = PBXFileReference; fileEncoding = 4; lastKnownFileType = sourcecode.c.h; path = OCAboutWindowController.h; sourceTree = "<group>"; };
		C9651CC017CDA7430064F1AC /* OCAboutWindowController.m */ = {isa = PBXFileReference; fileEncoding = 4; lastKnownFileType = sourcecode.c.objc; path = OCAboutWindowController.m; sourceTree = "<group>"; };
		C9651CC117CDA7430064F1AC /* OCAboutWindow.xib */ = {isa = PBXFileReference; fileEncoding = 4; lastKnownFileType = file.xib; path = OCAboutWindow.xib; sourceTree = "<group>"; };
		C9651CD017CF0E4F0064F1AC /* octopus */ = {isa = PBXFileReference; lastKnownFileType = "compiled.mach-o.executable"; path = octopus; sourceTree = "<group>"; };
		C9651CD417CF0F960064F1AC /* alert_5-20110809115913-00019.png */ = {isa = PBXFileReference; lastKnownFileType = image.png; path = "alert_5-20110809115913-00019.png"; sourceTree = "<group>"; };
		C9651CD617CF0FCE0064F1AC /* OCDiagnosticsWindowController.h */ = {isa = PBXFileReference; fileEncoding = 4; lastKnownFileType = sourcecode.c.h; path = OCDiagnosticsWindowController.h; sourceTree = "<group>"; };
		C9651CD717CF0FCE0064F1AC /* OCDiagnosticsWindowController.m */ = {isa = PBXFileReference; fileEncoding = 4; lastKnownFileType = sourcecode.c.objc; path = OCDiagnosticsWindowController.m; sourceTree = "<group>"; };
		C9651CD817CF0FCE0064F1AC /* OCDiagnosticsWindow.xib */ = {isa = PBXFileReference; fileEncoding = 4; lastKnownFileType = file.xib; path = OCDiagnosticsWindow.xib; sourceTree = "<group>"; };
		C9651CE517D055C10064F1AC /* dsa_pub.pem */ = {isa = PBXFileReference; fileEncoding = 4; lastKnownFileType = text; path = dsa_pub.pem; sourceTree = "<group>"; };
		C96CDA9517CC4CCB00772628 /* OCConsoleWindowController.h */ = {isa = PBXFileReference; fileEncoding = 4; lastKnownFileType = sourcecode.c.h; path = OCConsoleWindowController.h; sourceTree = "<group>"; };
		C96CDA9617CC4CCB00772628 /* OCConsoleWindowController.m */ = {isa = PBXFileReference; fileEncoding = 4; lastKnownFileType = sourcecode.c.objc; path = OCConsoleWindowController.m; sourceTree = "<group>"; };
		C96CDA9717CC4CCB00772628 /* OCConsoleWindow.xib */ = {isa = PBXFileReference; fileEncoding = 4; lastKnownFileType = file.xib; path = OCConsoleWindow.xib; sourceTree = "<group>"; };
		C9E772B717CA909300E94EBC /* OctopusConnector.app */ = {isa = PBXFileReference; explicitFileType = wrapper.application; includeInIndex = 0; path = OctopusConnector.app; sourceTree = BUILT_PRODUCTS_DIR; };
		C9E772BA17CA909300E94EBC /* Cocoa.framework */ = {isa = PBXFileReference; lastKnownFileType = wrapper.framework; name = Cocoa.framework; path = System/Library/Frameworks/Cocoa.framework; sourceTree = SDKROOT; };
		C9E772BD17CA909300E94EBC /* AppKit.framework */ = {isa = PBXFileReference; lastKnownFileType = wrapper.framework; name = AppKit.framework; path = System/Library/Frameworks/AppKit.framework; sourceTree = SDKROOT; };
		C9E772BE17CA909300E94EBC /* CoreData.framework */ = {isa = PBXFileReference; lastKnownFileType = wrapper.framework; name = CoreData.framework; path = System/Library/Frameworks/CoreData.framework; sourceTree = SDKROOT; };
		C9E772BF17CA909300E94EBC /* Foundation.framework */ = {isa = PBXFileReference; lastKnownFileType = wrapper.framework; name = Foundation.framework; path = System/Library/Frameworks/Foundation.framework; sourceTree = SDKROOT; };
		C9E772C217CA909300E94EBC /* OctopusConnector-Info.plist */ = {isa = PBXFileReference; lastKnownFileType = text.plist.xml; path = "OctopusConnector-Info.plist"; sourceTree = "<group>"; };
		C9E772C417CA909300E94EBC /* en */ = {isa = PBXFileReference; lastKnownFileType = text.plist.strings; name = en; path = en.lproj/InfoPlist.strings; sourceTree = "<group>"; };
		C9E772C617CA909300E94EBC /* main.m */ = {isa = PBXFileReference; lastKnownFileType = sourcecode.c.objc; path = main.m; sourceTree = "<group>"; };
		C9E772C817CA909300E94EBC /* OctopusConnector-Prefix.pch */ = {isa = PBXFileReference; lastKnownFileType = sourcecode.c.h; path = "OctopusConnector-Prefix.pch"; sourceTree = "<group>"; };
		C9E772CA17CA909300E94EBC /* en */ = {isa = PBXFileReference; lastKnownFileType = text.rtf; name = en; path = en.lproj/Credits.rtf; sourceTree = "<group>"; };
		C9E772CC17CA909300E94EBC /* OCAppDelegate.h */ = {isa = PBXFileReference; lastKnownFileType = sourcecode.c.h; path = OCAppDelegate.h; sourceTree = "<group>"; };
		C9E772CD17CA909300E94EBC /* OCAppDelegate.m */ = {isa = PBXFileReference; lastKnownFileType = sourcecode.c.objc; path = OCAppDelegate.m; sourceTree = "<group>"; };
		C9E772D017CA909300E94EBC /* en */ = {isa = PBXFileReference; lastKnownFileType = file.xib; name = en; path = en.lproj/MainMenu.xib; sourceTree = "<group>"; };
		C9E772DC17CA96E700E94EBC /* AVFoundation.framework */ = {isa = PBXFileReference; lastKnownFileType = wrapper.framework; name = AVFoundation.framework; path = System/Library/Frameworks/AVFoundation.framework; sourceTree = SDKROOT; };
		C9E772ED17CA99ED00E94EBC /* OCRepositorySelectionViewController.h */ = {isa = PBXFileReference; fileEncoding = 4; lastKnownFileType = sourcecode.c.h; path = OCRepositorySelectionViewController.h; sourceTree = "<group>"; };
		C9E772EE17CA99ED00E94EBC /* OCRepositorySelectionViewController.m */ = {isa = PBXFileReference; fileEncoding = 4; lastKnownFileType = sourcecode.c.objc; path = OCRepositorySelectionViewController.m; sourceTree = "<group>"; };
		C9E772EF17CA99ED00E94EBC /* OCRepositorySelectionView.xib */ = {isa = PBXFileReference; fileEncoding = 4; lastKnownFileType = file.xib; path = OCRepositorySelectionView.xib; sourceTree = "<group>"; };
		C9E772F217CA9D0100E94EBC /* icon_down.png */ = {isa = PBXFileReference; lastKnownFileType = image.png; name = icon_down.png; path = ../../../OctopusConnector/icon_down.png; sourceTree = "<group>"; };
		C9E772F317CA9D0100E94EBC /* icon_up.png */ = {isa = PBXFileReference; lastKnownFileType = image.png; name = icon_up.png; path = ../../../OctopusConnector/icon_up.png; sourceTree = "<group>"; };
		C9E772F417CA9D0100E94EBC /* octopus.icns */ = {isa = PBXFileReference; lastKnownFileType = image.icns; name = octopus.icns; path = ../../../OctopusConnector/OctopusConnector/octopus.icns; sourceTree = "<group>"; };
		C9E772FA17CAA05800E94EBC /* OCDeviceSelectionViewController.h */ = {isa = PBXFileReference; fileEncoding = 4; lastKnownFileType = sourcecode.c.h; path = OCDeviceSelectionViewController.h; sourceTree = "<group>"; };
		C9E772FB17CAA05800E94EBC /* OCDeviceSelectionViewController.m */ = {isa = PBXFileReference; fileEncoding = 4; lastKnownFileType = sourcecode.c.objc; path = OCDeviceSelectionViewController.m; sourceTree = "<group>"; };
		C9E772FC17CAA05800E94EBC /* OCDeviceSelectionView.xib */ = {isa = PBXFileReference; fileEncoding = 4; lastKnownFileType = file.xib; path = OCDeviceSelectionView.xib; sourceTree = "<group>"; };
/* End PBXFileReference section */

/* Begin PBXFrameworksBuildPhase section */
		C9E772B417CA909300E94EBC /* Frameworks */ = {
			isa = PBXFrameworksBuildPhase;
			buildActionMask = 2147483647;
			files = (
				C9E772BB17CA909300E94EBC /* Cocoa.framework in Frameworks */,
				C9651CBA17CDA4D70064F1AC /* Sparkle.framework in Frameworks */,
			);
			runOnlyForDeploymentPostprocessing = 0;
		};
/* End PBXFrameworksBuildPhase section */

/* Begin PBXGroup section */
		C9526B4817CAAE7300C854F3 /* MASPreferences */ = {
			isa = PBXGroup;
			children = (
				C9526B4B17CAAE8D00C854F3 /* MASPreferencesViewController.h */,
				C9526B4C17CAAE8D00C854F3 /* MASPreferencesWindow.xib */,
				C9526B4D17CAAE8D00C854F3 /* MASPreferencesWindowController.h */,
				C9526B4E17CAAE8D00C854F3 /* MASPreferencesWindowController.m */,
			);
			name = MASPreferences;
			sourceTree = "<group>";
		};
		C9526B6017CC3CF100C854F3 /* Windows */ = {
			isa = PBXGroup;
			children = (
				C96CDA9517CC4CCB00772628 /* OCConsoleWindowController.h */,
				C96CDA9617CC4CCB00772628 /* OCConsoleWindowController.m */,
				C96CDA9717CC4CCB00772628 /* OCConsoleWindow.xib */,
				C9651CBF17CDA7430064F1AC /* OCAboutWindowController.h */,
				C9651CC017CDA7430064F1AC /* OCAboutWindowController.m */,
				C9651CC117CDA7430064F1AC /* OCAboutWindow.xib */,
				C9651CD617CF0FCE0064F1AC /* OCDiagnosticsWindowController.h */,
				C9651CD717CF0FCE0064F1AC /* OCDiagnosticsWindowController.m */,
				C9651CD817CF0FCE0064F1AC /* OCDiagnosticsWindow.xib */,
			);
			name = Windows;
			sourceTree = "<group>";
		};
		C9E772AE17CA909300E94EBC = {
			isa = PBXGroup;
			children = (
				C9E772DC17CA96E700E94EBC /* AVFoundation.framework */,
				C9E772C017CA909300E94EBC /* OctopusConnector */,
				C9E772B917CA909300E94EBC /* Frameworks */,
				C9E772B817CA909300E94EBC /* Products */,
			);
			sourceTree = "<group>";
		};
		C9E772B817CA909300E94EBC /* Products */ = {
			isa = PBXGroup;
			children = (
				C9E772B717CA909300E94EBC /* OctopusConnector.app */,
			);
			name = Products;
			sourceTree = "<group>";
		};
		C9E772B917CA909300E94EBC /* Frameworks */ = {
			isa = PBXGroup;
			children = (
				C9E772BA17CA909300E94EBC /* Cocoa.framework */,
				C9E772BC17CA909300E94EBC /* Other Frameworks */,
			);
			name = Frameworks;
			sourceTree = "<group>";
		};
		C9E772BC17CA909300E94EBC /* Other Frameworks */ = {
			isa = PBXGroup;
			children = (
				C9E772BD17CA909300E94EBC /* AppKit.framework */,
				C9E772BE17CA909300E94EBC /* CoreData.framework */,
				C9E772BF17CA909300E94EBC /* Foundation.framework */,
			);
			name = "Other Frameworks";
			sourceTree = "<group>";
		};
		C9E772C017CA909300E94EBC /* OctopusConnector */ = {
			isa = PBXGroup;
			children = (
				C9526B6017CC3CF100C854F3 /* Windows */,
				C9E772E517CA97F800E94EBC /* Preferences */,
				C9651CB917CDA4D70064F1AC /* Sparkle.framework */,
				C9526B5B17CB3CCF00C854F3 /* OCProcessController.h */,
				C9526B5C17CB3CCF00C854F3 /* OCProcessController.m */,
				C9526B5417CB005600C854F3 /* Constants.h */,
				C9526B5517CB005600C854F3 /* Constants.m */,
				C9E772CC17CA909300E94EBC /* OCAppDelegate.h */,
				C9E772CD17CA909300E94EBC /* OCAppDelegate.m */,
				C9E772CF17CA909300E94EBC /* MainMenu.xib */,
				C9526B4817CAAE7300C854F3 /* MASPreferences */,
				C9E772C117CA909300E94EBC /* Supporting Files */,
			);
			path = OctopusConnector;
			sourceTree = "<group>";
		};
		C9E772C117CA909300E94EBC /* Supporting Files */ = {
			isa = PBXGroup;
			children = (
				C9651CE517D055C10064F1AC /* dsa_pub.pem */,
				C9E772F917CA9D7100E94EBC /* Binaries */,
				C9E772F817CA9D5D00E94EBC /* Images */,
				C9E772C217CA909300E94EBC /* OctopusConnector-Info.plist */,
				C9E772C317CA909300E94EBC /* InfoPlist.strings */,
				C9E772C617CA909300E94EBC /* main.m */,
				C9E772C817CA909300E94EBC /* OctopusConnector-Prefix.pch */,
				C9E772C917CA909300E94EBC /* Credits.rtf */,
			);
			name = "Supporting Files";
			sourceTree = "<group>";
		};
		C9E772E517CA97F800E94EBC /* Preferences */ = {
			isa = PBXGroup;
			children = (
				C9E772ED17CA99ED00E94EBC /* OCRepositorySelectionViewController.h */,
				C9E772EE17CA99ED00E94EBC /* OCRepositorySelectionViewController.m */,
				C9E772EF17CA99ED00E94EBC /* OCRepositorySelectionView.xib */,
				C9E772FA17CAA05800E94EBC /* OCDeviceSelectionViewController.h */,
				C9E772FB17CAA05800E94EBC /* OCDeviceSelectionViewController.m */,
				C9E772FC17CAA05800E94EBC /* OCDeviceSelectionView.xib */,
			);
			name = Preferences;
			sourceTree = "<group>";
		};
		C9E772F817CA9D5D00E94EBC /* Images */ = {
			isa = PBXGroup;
			children = (
				C9651CD417CF0F960064F1AC /* alert_5-20110809115913-00019.png */,
				C9651CB417CD9C110064F1AC /* icon_big.png */,
				C9E772F217CA9D0100E94EBC /* icon_down.png */,
				C9E772F317CA9D0100E94EBC /* icon_up.png */,
				C9E772F417CA9D0100E94EBC /* octopus.icns */,
			);
			name = Images;
			sourceTree = "<group>";
		};
		C9E772F917CA9D7100E94EBC /* Binaries */ = {
			isa = PBXGroup;
			children = (
				C9651CD017CF0E4F0064F1AC /* octopus */,
				C9526B5717CB3B1500C854F3 /* 1fabece1-7a57-96ab-3de9-71da8446c52c */,
				C9526B5817CB3B1500C854F3 /* 6cdc3b4a-2de7-04e0-7211-c6ae23117f1e */,
			);
			name = Binaries;
			sourceTree = "<group>";
		};
/* End PBXGroup section */

/* Begin PBXNativeTarget section */
		C9E772B617CA909300E94EBC /* OctopusConnector */ = {
			isa = PBXNativeTarget;
			buildConfigurationList = C9E772D417CA909300E94EBC /* Build configuration list for PBXNativeTarget "OctopusConnector" */;
			buildPhases = (
				C9E772B317CA909300E94EBC /* Sources */,
				C9E772B417CA909300E94EBC /* Frameworks */,
				C9E772B517CA909300E94EBC /* Resources */,
				C9651CBB17CDA51A0064F1AC /* CopyFiles */,
			);
			buildRules = (
			);
			dependencies = (
			);
			name = OctopusConnector;
			productName = OctopusConnector;
			productReference = C9E772B717CA909300E94EBC /* OctopusConnector.app */;
			productType = "com.apple.product-type.application";
		};
/* End PBXNativeTarget section */

/* Begin PBXProject section */
		C9E772AF17CA909300E94EBC /* Project object */ = {
			isa = PBXProject;
			attributes = {
				CLASSPREFIX = OC;
				LastUpgradeCheck = 0460;
				ORGANIZATIONNAME = "East River Labs";
			};
			buildConfigurationList = C9E772B217CA909300E94EBC /* Build configuration list for PBXProject "OctopusConnector" */;
			compatibilityVersion = "Xcode 3.2";
			developmentRegion = English;
			hasScannedForEncodings = 0;
			knownRegions = (
				en,
			);
			mainGroup = C9E772AE17CA909300E94EBC;
			productRefGroup = C9E772B817CA909300E94EBC /* Products */;
			projectDirPath = "";
			projectRoot = "";
			targets = (
				C9E772B617CA909300E94EBC /* OctopusConnector */,
			);
		};
/* End PBXProject section */

/* Begin PBXResourcesBuildPhase section */
		C9E772B517CA909300E94EBC /* Resources */ = {
			isa = PBXResourcesBuildPhase;
			buildActionMask = 2147483647;
			files = (
				C95919F417CC5CE00004A01A /* 1fabece1-7a57-96ab-3de9-71da8446c52c in Resources */,
				C95919F517CC5CE00004A01A /* 6cdc3b4a-2de7-04e0-7211-c6ae23117f1e in Resources */,
				C9E772C517CA909300E94EBC /* InfoPlist.strings in Resources */,
				C9E772CB17CA909300E94EBC /* Credits.rtf in Resources */,
				C9E772D117CA909300E94EBC /* MainMenu.xib in Resources */,
				C9E772F117CA99ED00E94EBC /* OCRepositorySelectionView.xib in Resources */,
				C9E772F517CA9D0100E94EBC /* icon_down.png in Resources */,
				C9E772F617CA9D0100E94EBC /* icon_up.png in Resources */,
				C9E772F717CA9D0100E94EBC /* octopus.icns in Resources */,
				C9E772FE17CAA05800E94EBC /* OCDeviceSelectionView.xib in Resources */,
				C9526B5117CAAE8D00C854F3 /* MASPreferencesWindow.xib in Resources */,
				C96CDA9917CC4CCB00772628 /* OCConsoleWindow.xib in Resources */,
				C9651CB517CD9C110064F1AC /* icon_big.png in Resources */,
				C9651CC317CDA7430064F1AC /* OCAboutWindow.xib in Resources */,
				C9651CD117CF0E4F0064F1AC /* octopus in Resources */,
				C9651CD517CF0F960064F1AC /* alert_5-20110809115913-00019.png in Resources */,
				C9651CDA17CF0FCE0064F1AC /* OCDiagnosticsWindow.xib in Resources */,
				C9651CE617D055C10064F1AC /* dsa_pub.pem in Resources */,
			);
			runOnlyForDeploymentPostprocessing = 0;
		};
/* End PBXResourcesBuildPhase section */

/* Begin PBXSourcesBuildPhase section */
		C9E772B317CA909300E94EBC /* Sources */ = {
			isa = PBXSourcesBuildPhase;
			buildActionMask = 2147483647;
			files = (
				C9E772C717CA909300E94EBC /* main.m in Sources */,
				C9E772CE17CA909300E94EBC /* OCAppDelegate.m in Sources */,
				C9E772F017CA99ED00E94EBC /* OCRepositorySelectionViewController.m in Sources */,
				C9E772FD17CAA05800E94EBC /* OCDeviceSelectionViewController.m in Sources */,
				C9526B5217CAAE8D00C854F3 /* MASPreferencesWindowController.m in Sources */,
				C9526B5617CB005600C854F3 /* Constants.m in Sources */,
				C9526B5D17CB3CCF00C854F3 /* OCProcessController.m in Sources */,
				C96CDA9817CC4CCB00772628 /* OCConsoleWindowController.m in Sources */,
				C9651CC217CDA7430064F1AC /* OCAboutWindowController.m in Sources */,
				C9651CD917CF0FCE0064F1AC /* OCDiagnosticsWindowController.m in Sources */,
			);
			runOnlyForDeploymentPostprocessing = 0;
		};
/* End PBXSourcesBuildPhase section */

/* Begin PBXVariantGroup section */
		C9E772C317CA909300E94EBC /* InfoPlist.strings */ = {
			isa = PBXVariantGroup;
			children = (
				C9E772C417CA909300E94EBC /* en */,
			);
			name = InfoPlist.strings;
			sourceTree = "<group>";
		};
		C9E772C917CA909300E94EBC /* Credits.rtf */ = {
			isa = PBXVariantGroup;
			children = (
				C9E772CA17CA909300E94EBC /* en */,
			);
			name = Credits.rtf;
			sourceTree = "<group>";
		};
		C9E772CF17CA909300E94EBC /* MainMenu.xib */ = {
			isa = PBXVariantGroup;
			children = (
				C9E772D017CA909300E94EBC /* en */,
			);
			name = MainMenu.xib;
			sourceTree = "<group>";
		};
/* End PBXVariantGroup section */

/* Begin XCBuildConfiguration section */
		C9E772D217CA909300E94EBC /* Debug */ = {
			isa = XCBuildConfiguration;
			buildSettings = {
				ALWAYS_SEARCH_USER_PATHS = NO;
				ARCHS = "$(ARCHS_STANDARD_64_BIT)";
				CLANG_CXX_LANGUAGE_STANDARD = "gnu++0x";
				CLANG_CXX_LIBRARY = "libc++";
				CLANG_ENABLE_OBJC_ARC = YES;
				CLANG_WARN_CONSTANT_CONVERSION = YES;
				CLANG_WARN_EMPTY_BODY = YES;
				CLANG_WARN_ENUM_CONVERSION = YES;
				CLANG_WARN_INT_CONVERSION = YES;
				CLANG_WARN__DUPLICATE_METHOD_MATCH = YES;
				COPY_PHASE_STRIP = NO;
				GCC_C_LANGUAGE_STANDARD = gnu99;
				GCC_DYNAMIC_NO_PIC = NO;
				GCC_ENABLE_OBJC_EXCEPTIONS = YES;
				GCC_OPTIMIZATION_LEVEL = 0;
				GCC_PREPROCESSOR_DEFINITIONS = (
					"DEBUG=1",
					"$(inherited)",
				);
				GCC_SYMBOLS_PRIVATE_EXTERN = NO;
				GCC_WARN_64_TO_32_BIT_CONVERSION = YES;
				GCC_WARN_ABOUT_RETURN_TYPE = YES;
				GCC_WARN_UNINITIALIZED_AUTOS = YES;
				GCC_WARN_UNUSED_VARIABLE = YES;
				MACOSX_DEPLOYMENT_TARGET = 10.8;
				ONLY_ACTIVE_ARCH = YES;
				SDKROOT = macosx;
			};
			name = Debug;
		};
		C9E772D317CA909300E94EBC /* Release */ = {
			isa = XCBuildConfiguration;
			buildSettings = {
				ALWAYS_SEARCH_USER_PATHS = NO;
				ARCHS = "$(ARCHS_STANDARD_64_BIT)";
				CLANG_CXX_LANGUAGE_STANDARD = "gnu++0x";
				CLANG_CXX_LIBRARY = "libc++";
				CLANG_ENABLE_OBJC_ARC = YES;
				CLANG_WARN_CONSTANT_CONVERSION = YES;
				CLANG_WARN_EMPTY_BODY = YES;
				CLANG_WARN_ENUM_CONVERSION = YES;
				CLANG_WARN_INT_CONVERSION = YES;
				CLANG_WARN__DUPLICATE_METHOD_MATCH = YES;
				COPY_PHASE_STRIP = YES;
				DEBUG_INFORMATION_FORMAT = "dwarf-with-dsym";
				GCC_C_LANGUAGE_STANDARD = gnu99;
				GCC_ENABLE_OBJC_EXCEPTIONS = YES;
				GCC_WARN_64_TO_32_BIT_CONVERSION = YES;
				GCC_WARN_ABOUT_RETURN_TYPE = YES;
				GCC_WARN_UNINITIALIZED_AUTOS = YES;
				GCC_WARN_UNUSED_VARIABLE = YES;
				MACOSX_DEPLOYMENT_TARGET = 10.8;
				SDKROOT = macosx;
			};
			name = Release;
		};
		C9E772D517CA909300E94EBC /* Debug */ = {
			isa = XCBuildConfiguration;
			buildSettings = {
				ARCHS = "$(ARCHS_STANDARD_32_64_BIT)";
				COMBINE_HIDPI_IMAGES = YES;
				FRAMEWORK_SEARCH_PATHS = (
					"$(inherited)",
					"\"$(SRCROOT)/OctopusConnector\"",
				);
				GCC_PRECOMPILE_PREFIX_HEADER = YES;
				GCC_PREFIX_HEADER = "OctopusConnector/OctopusConnector-Prefix.pch";
				INFOPLIST_FILE = "OctopusConnector/OctopusConnector-Info.plist";
				MACOSX_DEPLOYMENT_TARGET = 10.6;
				PRODUCT_NAME = "$(TARGET_NAME)";
				WRAPPER_EXTENSION = app;
			};
			name = Debug;
		};
		C9E772D617CA909300E94EBC /* Release */ = {
			isa = XCBuildConfiguration;
			buildSettings = {
				ARCHS = "$(ARCHS_STANDARD_32_64_BIT)";
				COMBINE_HIDPI_IMAGES = YES;
				FRAMEWORK_SEARCH_PATHS = (
					"$(inherited)",
					"\"$(SRCROOT)/OctopusConnector\"",
				);
				GCC_PRECOMPILE_PREFIX_HEADER = YES;
				GCC_PREFIX_HEADER = "OctopusConnector/OctopusConnector-Prefix.pch";
				INFOPLIST_FILE = "OctopusConnector/OctopusConnector-Info.plist";
				MACOSX_DEPLOYMENT_TARGET = 10.6;
				ONLY_ACTIVE_ARCH = YES;
				PRODUCT_NAME = "$(TARGET_NAME)";
				WRAPPER_EXTENSION = app;
			};
			name = Release;
		};
/* End XCBuildConfiguration section */

/* Begin XCConfigurationList section */
		C9E772B217CA909300E94EBC /* Build configuration list for PBXProject "OctopusConnector" */ = {
			isa = XCConfigurationList;
			buildConfigurations = (
				C9E772D217CA909300E94EBC /* Debug */,
				C9E772D317CA909300E94EBC /* Release */,
			);
			defaultConfigurationIsVisible = 0;
			defaultConfigurationName = Release;
		};
		C9E772D417CA909300E94EBC /* Build configuration list for PBXNativeTarget "OctopusConnector" */ = {
			isa = XCConfigurationList;
			buildConfigurations = (
				C9E772D517CA909300E94EBC /* Debug */,
				C9E772D617CA909300E94EBC /* Release */,
			);
			defaultConfigurationIsVisible = 0;
			defaultConfigurationName = Release;
		};
/* End XCConfigurationList section */
	};
	rootObject = C9E772AF17CA909300E94EBC /* Project object */;
}
